
Microsoft Visual Studio Solution File, Format Version 12.00
# Visual Studio Version 17
VisualStudioVersion = 17.5.33530.505
MinimumVisualStudioVersion = 10.0.40219.1
Project("{9A19103F-16F7-4668-BE54-9A1E7A4F7556}") = "FigureLib", "FigureLib.csproj", "{73A42347-A0E7-4C33-868A-926604E72F9D}"
EndProject
Project("{9A19103F-16F7-4668-BE54-9A1E7A4F7556}") = "FigureLib.Tests", "FigureLib.Tests\FigureLib.Tests.csproj", "{EBB827BC-0775-497A-BD8E-6FAB5D04F070}"
EndProject
Project("{2150E333-8FDC-42A3-9474-1A3956D46DE8}") = "SQL_Task", "SQL_Task", "{8FD84E31-2605-451D-B909-01613233A231}"
	ProjectSection(SolutionItems) = preProject
		Db_create.sql = Db_create.sql
		Db_init.sql = Db_init.sql
		Requierd_Request.sql = Requierd_Request.sql
	EndProjectSection
EndProject
Global
	GlobalSection(SolutionConfigurationPlatforms) = preSolution
		Debug|Any CPU = Debug|Any CPU
		Release|Any CPU = Release|Any CPU
	EndGlobalSection
	GlobalSection(ProjectConfigurationPlatforms) = postSolution
		{73A42347-A0E7-4C33-868A-926604E72F9D}.Debug|Any CPU.ActiveCfg = Debug|Any CPU
		{73A42347-A0E7-4C33-868A-926604E72F9D}.Debug|Any CPU.Build.0 = Debug|Any CPU
		{73A42347-A0E7-4C33-868A-926604E72F9D}.Release|Any CPU.ActiveCfg = Release|Any CPU
		{73A42347-A0E7-4C33-868A-926604E72F9D}.Release|Any CPU.Build.0 = Release|Any CPU
		{EBB827BC-0775-497A-BD8E-6FAB5D04F070}.Debug|Any CPU.ActiveCfg = Debug|Any CPU
		{EBB827BC-0775-497A-BD8E-6FAB5D04F070}.Debug|Any CPU.Build.0 = Debug|Any CPU
		{EBB827BC-0775-497A-BD8E-6FAB5D04F070}.Release|Any CPU.ActiveCfg = Release|Any CPU
		{EBB827BC-0775-497A-BD8E-6FAB5D04F070}.Release|Any CPU.Build.0 = Release|Any CPU
	EndGlobalSection
	GlobalSection(SolutionProperties) = preSolution
		HideSolutionNode = FALSE
	EndGlobalSection
	GlobalSection(ExtensibilityGlobals) = postSolution
		SolutionGuid = {7ABE787A-8C5D-4612-A70B-4DDE5342D11A}
	EndGlobalSection
EndGlobal
